{
  "version": 4,
  "terraform_version": "1.2.4",
  "serial": 18,
  "lineage": "5ddf1210-e5df-6a22-2a21-bd48e50a6034",
  "outputs": {
    "work_queue": {
      "value": {
        "arn": "arn:aws:sqs:eu-west-1:254394382277:awesome_co-work-queue",
        "content_based_deduplication": false,
        "deduplication_scope": "",
        "delay_seconds": 0,
        "fifo_queue": false,
        "fifo_throughput_limit": "",
        "id": "https://sqs.eu-west-1.amazonaws.com/254394382277/awesome_co-work-queue",
        "kms_data_key_reuse_period_seconds": 300,
        "kms_master_key_id": "",
        "max_message_size": 262143,
        "message_retention_seconds": 345600,
        "name": "awesome_co-work-queue",
        "name_prefix": "",
        "policy": "",
        "receive_wait_time_seconds": 20,
        "redrive_allow_policy": "",
        "redrive_policy": "{\"deadLetterTargetArn\":\"arn:aws:sqs:eu-west-1:254394382277:awsome_co-work-queue-dead-letter\",\"maxReceiveCount\":5}",
        "sqs_managed_sse_enabled": false,
        "tags": null,
        "tags_all": {},
        "url": "https://sqs.eu-west-1.amazonaws.com/254394382277/awesome_co-work-queue",
        "visibility_timeout_seconds": 30
      },
      "type": [
        "object",
        {
          "arn": "string",
          "content_based_deduplication": "bool",
          "deduplication_scope": "string",
          "delay_seconds": "number",
          "fifo_queue": "bool",
          "fifo_throughput_limit": "string",
          "id": "string",
          "kms_data_key_reuse_period_seconds": "number",
          "kms_master_key_id": "string",
          "max_message_size": "number",
          "message_retention_seconds": "number",
          "name": "string",
          "name_prefix": "string",
          "policy": "string",
          "receive_wait_time_seconds": "number",
          "redrive_allow_policy": "string",
          "redrive_policy": "string",
          "sqs_managed_sse_enabled": "bool",
          "tags": [
            "map",
            "string"
          ],
          "tags_all": [
            "map",
            "string"
          ],
          "url": "string",
          "visibility_timeout_seconds": "number"
        }
      ]
    },
    "work_queue_dead_letter_queue": {
      "value": {
        "arn": "arn:aws:sqs:eu-west-1:254394382277:awsome_co-work-queue-dead-letter",
        "content_based_deduplication": false,
        "deduplication_scope": "",
        "delay_seconds": 0,
        "fifo_queue": false,
        "fifo_throughput_limit": "",
        "id": "https://sqs.eu-west-1.amazonaws.com/254394382277/awsome_co-work-queue-dead-letter",
        "kms_data_key_reuse_period_seconds": 300,
        "kms_master_key_id": "",
        "max_message_size": 262144,
        "message_retention_seconds": 1209600,
        "name": "awsome_co-work-queue-dead-letter",
        "name_prefix": "",
        "policy": "",
        "receive_wait_time_seconds": 20,
        "redrive_allow_policy": "",
        "redrive_policy": "",
        "sqs_managed_sse_enabled": false,
        "tags": null,
        "tags_all": {},
        "url": "https://sqs.eu-west-1.amazonaws.com/254394382277/awsome_co-work-queue-dead-letter",
        "visibility_timeout_seconds": 30
      },
      "type": [
        "object",
        {
          "arn": "string",
          "content_based_deduplication": "bool",
          "deduplication_scope": "string",
          "delay_seconds": "number",
          "fifo_queue": "bool",
          "fifo_throughput_limit": "string",
          "id": "string",
          "kms_data_key_reuse_period_seconds": "number",
          "kms_master_key_id": "string",
          "max_message_size": "number",
          "message_retention_seconds": "number",
          "name": "string",
          "name_prefix": "string",
          "policy": "string",
          "receive_wait_time_seconds": "number",
          "redrive_allow_policy": "string",
          "redrive_policy": "string",
          "sqs_managed_sse_enabled": "bool",
          "tags": [
            "map",
            "string"
          ],
          "tags_all": [
            "map",
            "string"
          ],
          "url": "string",
          "visibility_timeout_seconds": "number"
        }
      ]
    }
  },
  "resources": [
    {
      "module": "module.work_queue",
      "mode": "managed",
      "type": "aws_sqs_queue",
      "name": "sqs",
      "provider": "provider[\"registry.terraform.io/hashicorp/aws\"]",
      "instances": [
        {
          "schema_version": 0,
          "attributes": {
            "arn": "arn:aws:sqs:eu-west-1:254394382277:awesome_co-work-queue",
            "content_based_deduplication": false,
            "deduplication_scope": "",
            "delay_seconds": 0,
            "fifo_queue": false,
            "fifo_throughput_limit": "",
            "id": "https://sqs.eu-west-1.amazonaws.com/254394382277/awesome_co-work-queue",
            "kms_data_key_reuse_period_seconds": 300,
            "kms_master_key_id": "",
            "max_message_size": 262143,
            "message_retention_seconds": 345600,
            "name": "awesome_co-work-queue",
            "name_prefix": "",
            "policy": "",
            "receive_wait_time_seconds": 20,
            "redrive_allow_policy": "",
            "redrive_policy": "{\"deadLetterTargetArn\":\"arn:aws:sqs:eu-west-1:254394382277:awsome_co-work-queue-dead-letter\",\"maxReceiveCount\":5}",
            "sqs_managed_sse_enabled": false,
            "tags": null,
            "tags_all": {},
            "url": "https://sqs.eu-west-1.amazonaws.com/254394382277/awesome_co-work-queue",
            "visibility_timeout_seconds": 30
          },
          "sensitive_attributes": [],
          "private": "bnVsbA==",
          "dependencies": [
            "module.work_queue.aws_sqs_queue.sqs_dead_letter"
          ]
        }
      ]
    },
    {
      "module": "module.work_queue",
      "mode": "managed",
      "type": "aws_sqs_queue",
      "name": "sqs_dead_letter",
      "provider": "provider[\"registry.terraform.io/hashicorp/aws\"]",
      "instances": [
        {
          "schema_version": 0,
          "attributes": {
            "arn": "arn:aws:sqs:eu-west-1:254394382277:awsome_co-work-queue-dead-letter",
            "content_based_deduplication": false,
            "deduplication_scope": "",
            "delay_seconds": 0,
            "fifo_queue": false,
            "fifo_throughput_limit": "",
            "id": "https://sqs.eu-west-1.amazonaws.com/254394382277/awsome_co-work-queue-dead-letter",
            "kms_data_key_reuse_period_seconds": 300,
            "kms_master_key_id": "",
            "max_message_size": 262144,
            "message_retention_seconds": 1209600,
            "name": "awsome_co-work-queue-dead-letter",
            "name_prefix": "",
            "policy": "",
            "receive_wait_time_seconds": 20,
            "redrive_allow_policy": "",
            "redrive_policy": "",
            "sqs_managed_sse_enabled": false,
            "tags": null,
            "tags_all": {},
            "url": "https://sqs.eu-west-1.amazonaws.com/254394382277/awsome_co-work-queue-dead-letter",
            "visibility_timeout_seconds": 30
          },
          "sensitive_attributes": [],
          "private": "bnVsbA=="
        }
      ]
    }
  ]
}
